
Microsoft Visual Studio Solution File, Format Version 12.00
# Visual Studio 2013
VisualStudioVersion = 12.0.31101.0
MinimumVisualStudioVersion = 10.0.40219.1
Project("{FAE04EC0-301F-11D3-BF4B-00C04F79EFBC}") = "Nancy.SimpleErrorHandlers", "Code\Nancy.SimpleErrorHandlers\Nancy.SimpleErrorHandlers.csproj", "{4DABD029-6BDD-447C-9489-78D8A6D251D3}"
EndProject
Project("{FAE04EC0-301F-11D3-BF4B-00C04F79EFBC}") = "Nancy.SimpleErrorHandlers.Tests", "Code\Nancy.SimpleErrorHandlers.Tests\Nancy.SimpleErrorHandlers.Tests.csproj", "{6ECC2CE6-17BB-4F5B-AF1F-372D30C32CA6}"
EndProject
Global
	GlobalSection(SolutionConfigurationPlatforms) = preSolution
		Debug|Any CPU = Debug|Any CPU
		Release|Any CPU = Release|Any CPU
	EndGlobalSection
	GlobalSection(ProjectConfigurationPlatforms) = postSolution
		{4DABD029-6BDD-447C-9489-78D8A6D251D3}.Debug|Any CPU.ActiveCfg = Debug|Any CPU
		{4DABD029-6BDD-447C-9489-78D8A6D251D3}.Debug|Any CPU.Build.0 = Debug|Any CPU
		{4DABD029-6BDD-447C-9489-78D8A6D251D3}.Release|Any CPU.ActiveCfg = Release|Any CPU
		{4DABD029-6BDD-447C-9489-78D8A6D251D3}.Release|Any CPU.Build.0 = Release|Any CPU
		{6ECC2CE6-17BB-4F5B-AF1F-372D30C32CA6}.Debug|Any CPU.ActiveCfg = Debug|Any CPU
		{6ECC2CE6-17BB-4F5B-AF1F-372D30C32CA6}.Debug|Any CPU.Build.0 = Debug|Any CPU
		{6ECC2CE6-17BB-4F5B-AF1F-372D30C32CA6}.Release|Any CPU.ActiveCfg = Release|Any CPU
		{6ECC2CE6-17BB-4F5B-AF1F-372D30C32CA6}.Release|Any CPU.Build.0 = Release|Any CPU
	EndGlobalSection
	GlobalSection(SolutionProperties) = preSolution
		HideSolutionNode = FALSE
	EndGlobalSection
EndGlobal
